
Microsoft Visual Studio Solution File, Format Version 12.00
# Visual Studio 14
VisualStudioVersion = 14.0.25420.1
MinimumVisualStudioVersion = 10.0.40219.1
Project("{FAE04EC0-301F-11D3-BF4B-00C04F79EFBC}") = "Schoola", "School\Schoola.csproj", "{FD8F28F5-133C-4D4A-92A9-EEB1CBF6ACA4}"
EndProject
Project("{FAE04EC0-301F-11D3-BF4B-00C04F79EFBC}") = "SchoolTest", "SchoolTest\SchoolTest.csproj", "{64AC00C3-F90C-4A53-BBB6-B81738BD0B60}"
EndProject
Global
	GlobalSection(SolutionConfigurationPlatforms) = preSolution
		Debug|Any CPU = Debug|Any CPU
		Release|Any CPU = Release|Any CPU
	EndGlobalSection
	GlobalSection(ProjectConfigurationPlatforms) = postSolution
		{FD8F28F5-133C-4D4A-92A9-EEB1CBF6ACA4}.Debug|Any CPU.ActiveCfg = Debug|Any CPU
		{FD8F28F5-133C-4D4A-92A9-EEB1CBF6ACA4}.Debug|Any CPU.Build.0 = Debug|Any CPU
		{FD8F28F5-133C-4D4A-92A9-EEB1CBF6ACA4}.Release|Any CPU.ActiveCfg = Release|Any CPU
		{FD8F28F5-133C-4D4A-92A9-EEB1CBF6ACA4}.Release|Any CPU.Build.0 = Release|Any CPU
		{64AC00C3-F90C-4A53-BBB6-B81738BD0B60}.Debug|Any CPU.ActiveCfg = Debug|Any CPU
		{64AC00C3-F90C-4A53-BBB6-B81738BD0B60}.Debug|Any CPU.Build.0 = Debug|Any CPU
		{64AC00C3-F90C-4A53-BBB6-B81738BD0B60}.Release|Any CPU.ActiveCfg = Release|Any CPU
		{64AC00C3-F90C-4A53-BBB6-B81738BD0B60}.Release|Any CPU.Build.0 = Release|Any CPU
	EndGlobalSection
	GlobalSection(SolutionProperties) = preSolution
		HideSolutionNode = FALSE
	EndGlobalSection
EndGlobal
